// !$*UTF8*$!
{
	archiveVersion = 1;
	classes = {
	};
	objectVersion = 46;
	objects = {

/* Begin PBXBuildFile section */
		8A6398DD1AB0F63500B1596F /* TTMCircleLayout.m in Sources */ = {isa = PBXBuildFile; fileRef = 8A6398DC1AB0F63500B1596F /* TTMCircleLayout.m */; };
		8A6398DF1AB0F6D900B1596F /* CircleCell.swift in Sources */ = {isa = PBXBuildFile; fileRef = 8A6398DE1AB0F6D900B1596F /* CircleCell.swift */; };
		8A7BA8641AB0F382001BD027 /* AppDelegate.swift in Sources */ = {isa = PBXBuildFile; fileRef = 8A7BA8631AB0F382001BD027 /* AppDelegate.swift */; };
		8A7BA8661AB0F382001BD027 /* ViewController.swift in Sources */ = {isa = PBXBuildFile; fileRef = 8A7BA8651AB0F382001BD027 /* ViewController.swift */; };
		8A7BA8691AB0F382001BD027 /* Main.storyboard in Resources */ = {isa = PBXBuildFile; fileRef = 8A7BA8671AB0F382001BD027 /* Main.storyboard */; };
		8A7BA86B1AB0F382001BD027 /* Images.xcassets in Resources */ = {isa = PBXBuildFile; fileRef = 8A7BA86A1AB0F382001BD027 /* Images.xcassets */; };
		8A7BA86E1AB0F382001BD027 /* LaunchScreen.xib in Resources */ = {isa = PBXBuildFile; fileRef = 8A7BA86C1AB0F382001BD027 /* LaunchScreen.xib */; };
/* End PBXBuildFile section */

/* Begin PBXFileReference section */
		8A6398D61AB0F62B00B1596F /* TTMCircleLayoutExample-Bridging-Header.h */ = {isa = PBXFileReference; lastKnownFileType = sourcecode.c.h; path = "TTMCircleLayoutExample-Bridging-Header.h"; sourceTree = "<group>"; };
		8A6398DB1AB0F63500B1596F /* TTMCircleLayout.h */ = {isa = PBXFileReference; fileEncoding = 4; lastKnownFileType = sourcecode.c.h; path = TTMCircleLayout.h; sourceTree = "<group>"; };
		8A6398DC1AB0F63500B1596F /* TTMCircleLayout.m */ = {isa = PBXFileReference; fileEncoding = 4; lastKnownFileType = sourcecode.c.objc; path = TTMCircleLayout.m; sourceTree = "<group>"; };
		8A6398DE1AB0F6D900B1596F /* CircleCell.swift */ = {isa = PBXFileReference; fileEncoding = 4; lastKnownFileType = sourcecode.swift; path = CircleCell.swift; sourceTree = "<group>"; };
		8A7BA85E1AB0F382001BD027 /* TTMCircleLayoutExample.app */ = {isa = PBXFileReference; explicitFileType = wrapper.application; includeInIndex = 0; path = TTMCircleLayoutExample.app; sourceTree = BUILT_PRODUCTS_DIR; };
		8A7BA8621AB0F382001BD027 /* Info.plist */ = {isa = PBXFileReference; lastKnownFileType = text.plist.xml; path = Info.plist; sourceTree = "<group>"; };
		8A7BA8631AB0F382001BD027 /* AppDelegate.swift */ = {isa = PBXFileReference; lastKnownFileType = sourcecode.swift; path = AppDelegate.swift; sourceTree = "<group>"; };
		8A7BA8651AB0F382001BD027 /* ViewController.swift */ = {isa = PBXFileReference; lastKnownFileType = sourcecode.swift; path = ViewController.swift; sourceTree = "<group>"; };
		8A7BA8681AB0F382001BD027 /* Base */ = {isa = PBXFileReference; lastKnownFileType = file.storyboard; name = Base; path = Base.lproj/Main.storyboard; sourceTree = "<group>"; };
		8A7BA86A1AB0F382001BD027 /* Images.xcassets */ = {isa = PBXFileReference; lastKnownFileType = folder.assetcatalog; path = Images.xcassets; sourceTree = "<group>"; };
		8A7BA86D1AB0F382001BD027 /* Base */ = {isa = PBXFileReference; lastKnownFileType = file.xib; name = Base; path = Base.lproj/LaunchScreen.xib; sourceTree = "<group>"; };
/* End PBXFileReference section */

/* Begin PBXFrameworksBuildPhase section */
		8A7BA85B1AB0F382001BD027 /* Frameworks */ = {
			isa = PBXFrameworksBuildPhase;
			buildActionMask = 2147483647;
			files = (
			);
			runOnlyForDeploymentPostprocessing = 0;
		};
/* End PBXFrameworksBuildPhase section */

/* Begin PBXGroup section */
		8A6398DA1AB0F63500B1596F /* TTMCircleLayout */ = {
			isa = PBXGroup;
			children = (
				8A6398DB1AB0F63500B1596F /* TTMCircleLayout.h */,
				8A6398DC1AB0F63500B1596F /* TTMCircleLayout.m */,
			);
			name = TTMCircleLayout;
			path = ../TTMCircleLayout;
			sourceTree = "<group>";
		};
		8A7BA8551AB0F382001BD027 = {
			isa = PBXGroup;
			children = (
				8A6398DA1AB0F63500B1596F /* TTMCircleLayout */,
				8A7BA8601AB0F382001BD027 /* TTMCircleLayoutExample */,
				8A7BA8611AB0F382001BD027 /* Supporting Files */,
				8A7BA85F1AB0F382001BD027 /* Products */,
			);
			sourceTree = "<group>";
		};
		8A7BA85F1AB0F382001BD027 /* Products */ = {
			isa = PBXGroup;
			children = (
				8A7BA85E1AB0F382001BD027 /* TTMCircleLayoutExample.app */,
			);
			name = Products;
			sourceTree = "<group>";
		};
		8A7BA8601AB0F382001BD027 /* TTMCircleLayoutExample */ = {
			isa = PBXGroup;
			children = (
				8A7BA86A1AB0F382001BD027 /* Images.xcassets */,
				8A7BA8671AB0F382001BD027 /* Main.storyboard */,
				8A7BA86C1AB0F382001BD027 /* LaunchScreen.xib */,
				8A7BA8631AB0F382001BD027 /* AppDelegate.swift */,
				8A7BA8651AB0F382001BD027 /* ViewController.swift */,
				8A6398DE1AB0F6D900B1596F /* CircleCell.swift */,
			);
			path = TTMCircleLayoutExample;
			sourceTree = "<group>";
		};
		8A7BA8611AB0F382001BD027 /* Supporting Files */ = {
			isa = PBXGroup;
			children = (
				8A6398D61AB0F62B00B1596F /* TTMCircleLayoutExample-Bridging-Header.h */,
				8A7BA8621AB0F382001BD027 /* Info.plist */,
			);
			name = "Supporting Files";
			path = TTMCircleLayoutExample;
			sourceTree = "<group>";
		};
/* End PBXGroup section */

/* Begin PBXNativeTarget section */
		8A7BA85D1AB0F382001BD027 /* TTMCircleLayoutExample */ = {
			isa = PBXNativeTarget;
			buildConfigurationList = 8A7BA87D1AB0F382001BD027 /* Build configuration list for PBXNativeTarget "TTMCircleLayoutExample" */;
			buildPhases = (
				8A7BA85A1AB0F382001BD027 /* Sources */,
				8A7BA85B1AB0F382001BD027 /* Frameworks */,
				8A7BA85C1AB0F382001BD027 /* Resources */,
			);
			buildRules = (
			);
			dependencies = (
			);
			name = TTMCircleLayoutExample;
			productName = TTMCircleLayoutExample;
			productReference = 8A7BA85E1AB0F382001BD027 /* TTMCircleLayoutExample.app */;
			productType = "com.apple.product-type.application";
		};
/* End PBXNativeTarget section */

/* Begin PBXProject section */
		8A7BA8561AB0F382001BD027 /* Project object */ = {
			isa = PBXProject;
			attributes = {
				LastSwiftMigration = 0730;
				LastSwiftUpdateCheck = 0730;
				LastUpgradeCheck = 0920;
				ORGANIZATIONNAME = "Shuichi Tsutsumi";
				TargetAttributes = {
					8A7BA85D1AB0F382001BD027 = {
						CreatedOnToolsVersion = 6.2;
						DevelopmentTeam = 9Z86A4AWDE;
					};
				};
			};
			buildConfigurationList = 8A7BA8591AB0F382001BD027 /* Build configuration list for PBXProject "TTMCircleLayoutExample" */;
			compatibilityVersion = "Xcode 3.2";
			developmentRegion = English;
			hasScannedForEncodings = 0;
			knownRegions = (
				en,
				Base,
			);
			mainGroup = 8A7BA8551AB0F382001BD027;
			productRefGroup = 8A7BA85F1AB0F382001BD027 /* Products */;
			projectDirPath = "";
			projectRoot = "";
			targets = (
				8A7BA85D1AB0F382001BD027 /* TTMCircleLayoutExample */,
			);
		};
/* End PBXProject section */

/* Begin PBXResourcesBuildPhase section */
		8A7BA85C1AB0F382001BD027 /* Resources */ = {
			isa = PBXResourcesBuildPhase;
			buildActionMask = 2147483647;
			files = (
				8A7BA8691AB0F382001BD027 /* Main.storyboard in Resources */,
				8A7BA86E1AB0F382001BD027 /* LaunchScreen.xib in Resources */,
				8A7BA86B1AB0F382001BD027 /* Images.xcassets in Resources */,
			);
			runOnlyForDeploymentPostprocessing = 0;
		};
/* End PBXResourcesBuildPhase section */

/* Begin PBXSourcesBuildPhase section */
		8A7BA85A1AB0F382001BD027 /* Sources */ = {
			isa = PBXSourcesBuildPhase;
			buildActionMask = 2147483647;
			files = (
				8A7BA8661AB0F382001BD027 /* ViewController.swift in Sources */,
				8A6398DD1AB0F63500B1596F /* TTMCircleLayout.m in Sources */,
				8A6398DF1AB0F6D900B1596F /* CircleCell.swift in Sources */,
				8A7BA8641AB0F382001BD027 /* AppDelegate.swift in Sources */,
			);
			runOnlyForDeploymentPostprocessing = 0;
		};
/* End PBXSourcesBuildPhase section */

/* Begin PBXVariantGroup section */
		8A7BA8671AB0F382001BD027 /* Main.storyboard */ = {
			isa = PBXVariantGroup;
			children = (
				8A7BA8681AB0F382001BD027 /* Base */,
			);
			name = Main.storyboard;
			sourceTree = "<group>";
		};
		8A7BA86C1AB0F382001BD027 /* LaunchScreen.xib */ = {
			isa = PBXVariantGroup;
			children = (
				8A7BA86D1AB0F382001BD027 /* Base */,
			);
			name = LaunchScreen.xib;
			sourceTree = "<group>";
		};
/* End PBXVariantGroup section */

/* Begin XCBuildConfiguration section */
		8A7BA87B1AB0F382001BD027 /* Debug */ = {
			isa = XCBuildConfiguration;
			buildSettings = {
				ALWAYS_SEARCH_USER_PATHS = NO;
				CLANG_CXX_LANGUAGE_STANDARD = "gnu++0x";
				CLANG_CXX_LIBRARY = "libc++";
				CLANG_ENABLE_MODULES = YES;
				CLANG_ENABLE_OBJC_ARC = YES;
				CLANG_WARN_BLOCK_CAPTURE_AUTORELEASING = YES;
				CLANG_WARN_BOOL_CONVERSION = YES;
				CLANG_WARN_COMMA = YES;
				CLANG_WARN_CONSTANT_CONVERSION = YES;
				CLANG_WARN_DIRECT_OBJC_ISA_USAGE = YES_ERROR;
				CLANG_WARN_EMPTY_BODY = YES;
				CLANG_WARN_ENUM_CONVERSION = YES;
				CLANG_WARN_INFINITE_RECURSION = YES;
				CLANG_WARN_INT_CONVERSION = YES;
				CLANG_WARN_NON_LITERAL_NULL_CONVERSION = YES;
				CLANG_WARN_OBJC_LITERAL_CONVERSION = YES;
				CLANG_WARN_OBJC_ROOT_CLASS = YES_ERROR;
				CLANG_WARN_RANGE_LOOP_ANALYSIS = YES;
				CLANG_WARN_STRICT_PROTOTYPES = YES;
				CLANG_WARN_SUSPICIOUS_MOVE = YES;
				CLANG_WARN_UNREACHABLE_CODE = YES;
				CLANG_WARN__DUPLICATE_METHOD_MATCH = YES;
				"CODE_SIGN_IDENTITY[sdk=iphoneos*]" = "iPhone Developer";
				COPY_PHASE_STRIP = NO;
				ENABLE_STRICT_OBJC_MSGSEND = YES;
				ENABLE_TESTABILITY = YES;
				GCC_C_LANGUAGE_STANDARD = gnu99;
				GCC_DYNAMIC_NO_PIC = NO;
				GCC_NO_COMMON_BLOCKS = YES;
				GCC_OPTIMIZATION_LEVEL = 0;
				GCC_PREPROCESSOR_DEFINITIONS = (
					"DEBUG=1",
					"$(inherited)",
				);
				GCC_SYMBOLS_PRIVATE_EXTERN = NO;
				GCC_WARN_64_TO_32_BIT_CONVERSION = YES;
				GCC_WARN_ABOUT_RETURN_TYPE = YES_ERROR;
				GCC_WARN_UNDECLARED_SELECTOR = YES;
				GCC_WARN_UNINITIALIZED_AUTOS = YES_AGGRESSIVE;
				GCC_WARN_UNUSED_FUNCTION = YES;
				GCC_WARN_UNUSED_VARIABLE = YES;
				IPHONEOS_DEPLOYMENT_TARGET = 8.4;
				MTL_ENABLE_DEBUG_INFO = YES;
				ONLY_ACTIVE_ARCH = YES;
				SDKROOT = iphoneos;
				SWIFT_OPTIMIZATION_LEVEL = "-Onone";
				SWIFT_VERSION = 4.0;
			};
			name = Debug;
		};
		8A7BA87C1AB0F382001BD027 /* Release */ = {
			isa = XCBuildConfiguration;
			buildSettings = {
				ALWAYS_SEARCH_USER_PATHS = NO;
				CLANG_CXX_LANGUAGE_STANDARD = "gnu++0x";
				CLANG_CXX_LIBRARY = "libc++";
				CLANG_ENABLE_MODULES = YES;
				CLANG_ENABLE_OBJC_ARC = YES;
				CLANG_WARN_BLOCK_CAPTURE_AUTORELEASING = YES;
				CLANG_WARN_BOOL_CONVERSION = YES;
				CLANG_WARN_COMMA = YES;
				CLANG_WARN_CONSTANT_CONVERSION = YES;
				CLANG_WARN_DIRECT_OBJC_ISA_USAGE = YES_ERROR;
				CLANG_WARN_EMPTY_BODY = YES;
				CLANG_WARN_ENUM_CONVERSION = YES;
				CLANG_WARN_INFINITE_RECURSION = YES;
				CLANG_WARN_INT_CONVERSION = YES;
				CLANG_WARN_NON_LITERAL_NULL_CONVERSION = YES;
				CLANG_WARN_OBJC_LITERAL_CONVERSION = YES;
				CLANG_WARN_OBJC_ROOT_CLASS = YES_ERROR;
				CLANG_WARN_RANGE_LOOP_ANALYSIS = YES;
				CLANG_WARN_STRICT_PROTOTYPES = YES;
				CLANG_WARN_SUSPICIOUS_MOVE = YES;
				CLANG_WARN_UNREACHABLE_CODE = YES;
				CLANG_WARN__DUPLICATE_METHOD_MATCH = YES;
				"CODE_SIGN_IDENTITY[sdk=iphoneos*]" = "iPhone Developer";
				COPY_PHASE_STRIP = NO;
				ENABLE_NS_ASSERTIONS = NO;
				ENABLE_STRICT_OBJC_MSGSEND = YES;
				GCC_C_LANGUAGE_STANDARD = gnu99;
				GCC_NO_COMMON_BLOCKS = YES;
				GCC_WARN_64_TO_32_BIT_CONVERSION = YES;
				GCC_WARN_ABOUT_RETURN_TYPE = YES_ERROR;
				GCC_WARN_UNDECLARED_SELECTOR = YES;
				GCC_WARN_UNINITIALIZED_AUTOS = YES_AGGRESSIVE;
				GCC_WARN_UNUSED_FUNCTION = YES;
				GCC_WARN_UNUSED_VARIABLE = YES;
				IPHONEOS_DEPLOYMENT_TARGET = 8.4;
				MTL_ENABLE_DEBUG_INFO = NO;
				SDKROOT = iphoneos;
				SWIFT_OPTIMIZATION_LEVEL = "-Owholemodule";
				SWIFT_VERSION = 4.0;
				VALIDATE_PRODUCT = YES;
			};
			name = Release;
		};
		8A7BA87E1AB0F382001BD027 /* Debug */ = {
			isa = XCBuildConfiguration;
			buildSettings = {
				ASSETCATALOG_COMPILER_APPICON_NAME = AppIcon;
				CLANG_ENABLE_MODULES = YES;
				DEVELOPMENT_TEAM = 9Z86A4AWDE;
				INFOPLIST_FILE = TTMCircleLayoutExample/Info.plist;
				LD_RUNPATH_SEARCH_PATHS = "$(inherited) @executable_path/Frameworks";
				PRODUCT_BUNDLE_IDENTIFIER = "Shuichi-Tsutsumi.$(PRODUCT_NAME:rfc1034identifier)";
				PRODUCT_NAME = "$(TARGET_NAME)";
				SWIFT_OBJC_BRIDGING_HEADER = "TTMCircleLayoutExample/TTMCircleLayoutExample-Bridging-Header.h";
				SWIFT_OPTIMIZATION_LEVEL = "-Onone";
			};
			name = Debug;
		};
		8A7BA87F1AB0F382001BD027 /* Release */ = {
			isa = XCBuildConfiguration;
			buildSettings = {
				ASSETCATALOG_COMPILER_APPICON_NAME = AppIcon;
				CLANG_ENABLE_MODULES = YES;
				DEVELOPMENT_TEAM = 9Z86A4AWDE;
				INFOPLIST_FILE = TTMCircleLayoutExample/Info.plist;
				LD_RUNPATH_SEARCH_PATHS = "$(inherited) @executable_path/Frameworks";
				PRODUCT_BUNDLE_IDENTIFIER = "Shuichi-Tsutsumi.$(PRODUCT_NAME:rfc1034identifier)";
				PRODUCT_NAME = "$(TARGET_NAME)";
				SWIFT_OBJC_BRIDGING_HEADER = "TTMCircleLayoutExample/TTMCircleLayoutExample-Bridging-Header.h";
			};
			name = Release;
		};
/* End XCBuildConfiguration section */

/* Begin XCConfigurationList section */
		8A7BA8591AB0F382001BD027 /* Build configuration list for PBXProject "TTMCircleLayoutExample" */ = {
			isa = XCConfigurationList;
			buildConfigurations = (
				8A7BA87B1AB0F382001BD027 /* Debug */,
				8A7BA87C1AB0F382001BD027 /* Release */,
			);
			defaultConfigurationIsVisible = 0;
			defaultConfigurationName = Release;
		};
		8A7BA87D1AB0F382001BD027 /* Build configuration list for PBXNativeTarget "TTMCircleLayoutExample" */ = {
			isa = XCConfigurationList;
			buildConfigurations = (
				8A7BA87E1AB0F382001BD027 /* Debug */,
				8A7BA87F1AB0F382001BD027 /* Release */,
			);
			defaultConfigurationIsVisible = 0;
			defaultConfigurationName = Release;
		};
/* End XCConfigurationList section */
	};
	rootObject = 8A7BA8561AB0F382001BD027 /* Project object */;
}
